
Microsoft Visual Studio Solution File, Format Version 12.00
# Visual Studio Version 16
VisualStudioVersion = 16.0.31129.286
MinimumVisualStudioVersion = 10.0.40219.1
Project("{9092AA53-FB77-4645-B42D-1CCCA6BD08BD}") = "New Node", "New Node.njsproj", "{ED2A5B99-2DAA-4541-939B-C64DA1102CCD}"
EndProject
Global
	GlobalSection(SolutionConfigurationPlatforms) = preSolution
		Debug|Any CPU = Debug|Any CPU
		Release|Any CPU = Release|Any CPU
	EndGlobalSection
	GlobalSection(ProjectConfigurationPlatforms) = postSolution
		{ED2A5B99-2DAA-4541-939B-C64DA1102CCD}.Debug|Any CPU.ActiveCfg = Debug|Any CPU
		{ED2A5B99-2DAA-4541-939B-C64DA1102CCD}.Debug|Any CPU.Build.0 = Debug|Any CPU
		{ED2A5B99-2DAA-4541-939B-C64DA1102CCD}.Release|Any CPU.ActiveCfg = Release|Any CPU
		{ED2A5B99-2DAA-4541-939B-C64DA1102CCD}.Release|Any CPU.Build.0 = Release|Any CPU
	EndGlobalSection
	GlobalSection(SolutionProperties) = preSolution
		HideSolutionNode = FALSE
	EndGlobalSection
	GlobalSection(ExtensibilityGlobals) = postSolution
		SolutionGuid = {1BD56411-7155-45C9-85DF-08ECDC195782}
	EndGlobalSection
EndGlobal
